
Microsoft Visual Studio Solution File, Format Version 12.00
# Visual Studio Version 17
VisualStudioVersion = 17.5.33103.201
MinimumVisualStudioVersion = 10.0.40219.1
Project("{9A19103F-16F7-4668-BE54-9A1E7A4F7556}") = "EdgeAlertFunc", "EdgeAlertFunc.csproj", "{D2CC12FD-B5FE-4A72-840B-1CDD2031E42C}"
EndProject
Global
	GlobalSection(SolutionConfigurationPlatforms) = preSolution
		Debug|Any CPU = Debug|Any CPU
		Release|Any CPU = Release|Any CPU
	EndGlobalSection
	GlobalSection(ProjectConfigurationPlatforms) = postSolution
		{D2CC12FD-B5FE-4A72-840B-1CDD2031E42C}.Debug|Any CPU.ActiveCfg = Debug|Any CPU
		{D2CC12FD-B5FE-4A72-840B-1CDD2031E42C}.Debug|Any CPU.Build.0 = Debug|Any CPU
		{D2CC12FD-B5FE-4A72-840B-1CDD2031E42C}.Release|Any CPU.ActiveCfg = Release|Any CPU
		{D2CC12FD-B5FE-4A72-840B-1CDD2031E42C}.Release|Any CPU.Build.0 = Release|Any CPU
	EndGlobalSection
	GlobalSection(SolutionProperties) = preSolution
		HideSolutionNode = FALSE
	EndGlobalSection
	GlobalSection(ExtensibilityGlobals) = postSolution
		SolutionGuid = {E7FA6421-C5EE-485C-8336-8F5A97A4511A}
	EndGlobalSection
EndGlobal
